
Microsoft Visual Studio Solution File, Format Version 12.00
# Visual Studio 15
VisualStudioVersion = 15.0.26430.16
MinimumVisualStudioVersion = 10.0.40219.1
Project("{FAE04EC0-301F-11D3-BF4B-00C04F79EFBC}") = "CONVERT_OF_GRADES.Android", "CONVERT-OF-GRADES\CONVERT_OF_GRADES.Android\CONVERT_OF_GRADES.Android.csproj", "{04865D25-DFC5-43D1-9A22-A966FFAEB2D0}"
EndProject
Project("{FAE04EC0-301F-11D3-BF4B-00C04F79EFBC}") = "CONVERT_OF_GRADES", "CONVERT-OF-GRADES\CONVERT_OF_GRADES\CONVERT_OF_GRADES.csproj", "{FABAE0DA-6AA5-44BD-8907-794362B286EF}"
EndProject
Project("{FAE04EC0-301F-11D3-BF4B-00C04F79EFBC}") = "CONVERT_OF_GRADES.UWP", "CONVERT-OF-GRADES\CONVERT_OF_GRADES.UWP\CONVERT_OF_GRADES.UWP.csproj", "{3814DCA0-3D0F-4796-B741-7E54F4784C74}"
EndProject
Project("{FAE04EC0-301F-11D3-BF4B-00C04F79EFBC}") = "CONVERT_OF_GRADES.iOS", "CONVERT-OF-GRADES\CONVERT_OF_GRADES.iOS\CONVERT_OF_GRADES.iOS.csproj", "{F116B146-29E9-46A3-BB84-467AC67A1037}"
EndProject
Global
	GlobalSection(SolutionConfigurationPlatforms) = preSolution
		Ad-Hoc|Any CPU = Ad-Hoc|Any CPU
		Ad-Hoc|ARM = Ad-Hoc|ARM
		Ad-Hoc|iPhone = Ad-Hoc|iPhone
		Ad-Hoc|iPhoneSimulator = Ad-Hoc|iPhoneSimulator
		Ad-Hoc|x64 = Ad-Hoc|x64
		Ad-Hoc|x86 = Ad-Hoc|x86
		AppStore|Any CPU = AppStore|Any CPU
		AppStore|ARM = AppStore|ARM
		AppStore|iPhone = AppStore|iPhone
		AppStore|iPhoneSimulator = AppStore|iPhoneSimulator
		AppStore|x64 = AppStore|x64
		AppStore|x86 = AppStore|x86
		Debug|Any CPU = Debug|Any CPU
		Debug|ARM = Debug|ARM
		Debug|iPhone = Debug|iPhone
		Debug|iPhoneSimulator = Debug|iPhoneSimulator
		Debug|x64 = Debug|x64
		Debug|x86 = Debug|x86
		Release|Any CPU = Release|Any CPU
		Release|ARM = Release|ARM
		Release|iPhone = Release|iPhone
		Release|iPhoneSimulator = Release|iPhoneSimulator
		Release|x64 = Release|x64
		Release|x86 = Release|x86
	EndGlobalSection
	GlobalSection(ProjectConfigurationPlatforms) = postSolution
		{04865D25-DFC5-43D1-9A22-A966FFAEB2D0}.Ad-Hoc|Any CPU.ActiveCfg = Release|Any CPU
		{04865D25-DFC5-43D1-9A22-A966FFAEB2D0}.Ad-Hoc|Any CPU.Build.0 = Release|Any CPU
		{04865D25-DFC5-43D1-9A22-A966FFAEB2D0}.Ad-Hoc|Any CPU.Deploy.0 = Release|Any CPU
		{04865D25-DFC5-43D1-9A22-A966FFAEB2D0}.Ad-Hoc|ARM.ActiveCfg = Release|Any CPU
		{04865D25-DFC5-43D1-9A22-A966FFAEB2D0}.Ad-Hoc|ARM.Build.0 = Release|Any CPU
		{04865D25-DFC5-43D1-9A22-A966FFAEB2D0}.Ad-Hoc|ARM.Deploy.0 = Release|Any CPU
		{04865D25-DFC5-43D1-9A22-A966FFAEB2D0}.Ad-Hoc|iPhone.ActiveCfg = Release|Any CPU
		{04865D25-DFC5-43D1-9A22-A966FFAEB2D0}.Ad-Hoc|iPhone.Build.0 = Release|Any CPU
		{04865D25-DFC5-43D1-9A22-A966FFAEB2D0}.Ad-Hoc|iPhone.Deploy.0 = Release|Any CPU
		{04865D25-DFC5-43D1-9A22-A966FFAEB2D0}.Ad-Hoc|iPhoneSimulator.ActiveCfg = Release|Any CPU
		{04865D25-DFC5-43D1-9A22-A966FFAEB2D0}.Ad-Hoc|iPhoneSimulator.Build.0 = Release|Any CPU
		{04865D25-DFC5-43D1-9A22-A966FFAEB2D0}.Ad-Hoc|iPhoneSimulator.Deploy.0 = Release|Any CPU
		{04865D25-DFC5-43D1-9A22-A966FFAEB2D0}.Ad-Hoc|x64.ActiveCfg = Release|Any CPU
		{04865D25-DFC5-43D1-9A22-A966FFAEB2D0}.Ad-Hoc|x64.Build.0 = Release|Any CPU
		{04865D25-DFC5-43D1-9A22-A966FFAEB2D0}.Ad-Hoc|x64.Deploy.0 = Release|Any CPU
		{04865D25-DFC5-43D1-9A22-A966FFAEB2D0}.Ad-Hoc|x86.ActiveCfg = Release|Any CPU
		{04865D25-DFC5-43D1-9A22-A966FFAEB2D0}.Ad-Hoc|x86.Build.0 = Release|Any CPU
		{04865D25-DFC5-43D1-9A22-A966FFAEB2D0}.Ad-Hoc|x86.Deploy.0 = Release|Any CPU
		{04865D25-DFC5-43D1-9A22-A966FFAEB2D0}.AppStore|Any CPU.ActiveCfg = Release|Any CPU
		{04865D25-DFC5-43D1-9A22-A966FFAEB2D0}.AppStore|Any CPU.Build.0 = Release|Any CPU
		{04865D25-DFC5-43D1-9A22-A966FFAEB2D0}.AppStore|Any CPU.Deploy.0 = Release|Any CPU
		{04865D25-DFC5-43D1-9A22-A966FFAEB2D0}.AppStore|ARM.ActiveCfg = Release|Any CPU
		{04865D25-DFC5-43D1-9A22-A966FFAEB2D0}.AppStore|ARM.Build.0 = Release|Any CPU
		{04865D25-DFC5-43D1-9A22-A966FFAEB2D0}.AppStore|ARM.Deploy.0 = Release|Any CPU
		{04865D25-DFC5-43D1-9A22-A966FFAEB2D0}.AppStore|iPhone.ActiveCfg = Release|Any CPU
		{04865D25-DFC5-43D1-9A22-A966FFAEB2D0}.AppStore|iPhone.Build.0 = Release|Any CPU
		{04865D25-DFC5-43D1-9A22-A966FFAEB2D0}.AppStore|iPhone.Deploy.0 = Release|Any CPU
		{04865D25-DFC5-43D1-9A22-A966FFAEB2D0}.AppStore|iPhoneSimulator.ActiveCfg = Release|Any CPU
		{04865D25-DFC5-43D1-9A22-A966FFAEB2D0}.AppStore|iPhoneSimulator.Build.0 = Release|Any CPU
		{04865D25-DFC5-43D1-9A22-A966FFAEB2D0}.AppStore|iPhoneSimulator.Deploy.0 = Release|Any CPU
		{04865D25-DFC5-43D1-9A22-A966FFAEB2D0}.AppStore|x64.ActiveCfg = Release|Any CPU
		{04865D25-DFC5-43D1-9A22-A966FFAEB2D0}.AppStore|x64.Build.0 = Release|Any CPU
		{04865D25-DFC5-43D1-9A22-A966FFAEB2D0}.AppStore|x64.Deploy.0 = Release|Any CPU
		{04865D25-DFC5-43D1-9A22-A966FFAEB2D0}.AppStore|x86.ActiveCfg = Release|Any CPU
		{04865D25-DFC5-43D1-9A22-A966FFAEB2D0}.AppStore|x86.Build.0 = Release|Any CPU
		{04865D25-DFC5-43D1-9A22-A966FFAEB2D0}.AppStore|x86.Deploy.0 = Release|Any CPU
		{04865D25-DFC5-43D1-9A22-A966FFAEB2D0}.Debug|Any CPU.ActiveCfg = Debug|Any CPU
		{04865D25-DFC5-43D1-9A22-A966FFAEB2D0}.Debug|Any CPU.Build.0 = Debug|Any CPU
		{04865D25-DFC5-43D1-9A22-A966FFAEB2D0}.Debug|Any CPU.Deploy.0 = Debug|Any CPU
		{04865D25-DFC5-43D1-9A22-A966FFAEB2D0}.Debug|ARM.ActiveCfg = Debug|Any CPU
		{04865D25-DFC5-43D1-9A22-A966FFAEB2D0}.Debug|ARM.Build.0 = Debug|Any CPU
		{04865D25-DFC5-43D1-9A22-A966FFAEB2D0}.Debug|ARM.Deploy.0 = Debug|Any CPU
		{04865D25-DFC5-43D1-9A22-A966FFAEB2D0}.Debug|iPhone.ActiveCfg = Debug|Any CPU
		{04865D25-DFC5-43D1-9A22-A966FFAEB2D0}.Debug|iPhone.Build.0 = Debug|Any CPU
		{04865D25-DFC5-43D1-9A22-A966FFAEB2D0}.Debug|iPhone.Deploy.0 = Debug|Any CPU
		{04865D25-DFC5-43D1-9A22-A966FFAEB2D0}.Debug|iPhoneSimulator.ActiveCfg = Debug|Any CPU
		{04865D25-DFC5-43D1-9A22-A966FFAEB2D0}.Debug|iPhoneSimulator.Build.0 = Debug|Any CPU
		{04865D25-DFC5-43D1-9A22-A966FFAEB2D0}.Debug|iPhoneSimulator.Deploy.0 = Debug|Any CPU
		{04865D25-DFC5-43D1-9A22-A966FFAEB2D0}.Debug|x64.ActiveCfg = Debug|Any CPU
		{04865D25-DFC5-43D1-9A22-A966FFAEB2D0}.Debug|x64.Build.0 = Debug|Any CPU
		{04865D25-DFC5-43D1-9A22-A966FFAEB2D0}.Debug|x64.Deploy.0 = Debug|Any CPU
		{04865D25-DFC5-43D1-9A22-A966FFAEB2D0}.Debug|x86.ActiveCfg = Debug|Any CPU
		{04865D25-DFC5-43D1-9A22-A966FFAEB2D0}.Debug|x86.Build.0 = Debug|Any CPU
		{04865D25-DFC5-43D1-9A22-A966FFAEB2D0}.Debug|x86.Deploy.0 = Debug|Any CPU
		{04865D25-DFC5-43D1-9A22-A966FFAEB2D0}.Release|Any CPU.ActiveCfg = Release|Any CPU
		{04865D25-DFC5-43D1-9A22-A966FFAEB2D0}.Release|Any CPU.Build.0 = Release|Any CPU
		{04865D25-DFC5-43D1-9A22-A966FFAEB2D0}.Release|Any CPU.Deploy.0 = Release|Any CPU
		{04865D25-DFC5-43D1-9A22-A966FFAEB2D0}.Release|ARM.ActiveCfg = Release|Any CPU
		{04865D25-DFC5-43D1-9A22-A966FFAEB2D0}.Release|ARM.Build.0 = Release|Any CPU
		{04865D25-DFC5-43D1-9A22-A966FFAEB2D0}.Release|ARM.Deploy.0 = Release|Any CPU
		{04865D25-DFC5-43D1-9A22-A966FFAEB2D0}.Release|iPhone.ActiveCfg = Release|Any CPU
		{04865D25-DFC5-43D1-9A22-A966FFAEB2D0}.Release|iPhone.Build.0 = Release|Any CPU
		{04865D25-DFC5-43D1-9A22-A966FFAEB2D0}.Release|iPhone.Deploy.0 = Release|Any CPU
		{04865D25-DFC5-43D1-9A22-A966FFAEB2D0}.Release|iPhoneSimulator.ActiveCfg = Release|Any CPU
		{04865D25-DFC5-43D1-9A22-A966FFAEB2D0}.Release|iPhoneSimulator.Build.0 = Release|Any CPU
		{04865D25-DFC5-43D1-9A22-A966FFAEB2D0}.Release|iPhoneSimulator.Deploy.0 = Release|Any CPU
		{04865D25-DFC5-43D1-9A22-A966FFAEB2D0}.Release|x64.ActiveCfg = Release|Any CPU
		{04865D25-DFC5-43D1-9A22-A966FFAEB2D0}.Release|x64.Build.0 = Release|Any CPU
		{04865D25-DFC5-43D1-9A22-A966FFAEB2D0}.Release|x64.Deploy.0 = Release|Any CPU
		{04865D25-DFC5-43D1-9A22-A966FFAEB2D0}.Release|x86.ActiveCfg = Release|Any CPU
		{04865D25-DFC5-43D1-9A22-A966FFAEB2D0}.Release|x86.Build.0 = Release|Any CPU
		{04865D25-DFC5-43D1-9A22-A966FFAEB2D0}.Release|x86.Deploy.0 = Release|Any CPU
		{FABAE0DA-6AA5-44BD-8907-794362B286EF}.Ad-Hoc|Any CPU.ActiveCfg = Release|Any CPU
		{FABAE0DA-6AA5-44BD-8907-794362B286EF}.Ad-Hoc|Any CPU.Build.0 = Release|Any CPU
		{FABAE0DA-6AA5-44BD-8907-794362B286EF}.Ad-Hoc|ARM.ActiveCfg = Release|Any CPU
		{FABAE0DA-6AA5-44BD-8907-794362B286EF}.Ad-Hoc|ARM.Build.0 = Release|Any CPU
		{FABAE0DA-6AA5-44BD-8907-794362B286EF}.Ad-Hoc|iPhone.ActiveCfg = Release|Any CPU
		{FABAE0DA-6AA5-44BD-8907-794362B286EF}.Ad-Hoc|iPhone.Build.0 = Release|Any CPU
		{FABAE0DA-6AA5-44BD-8907-794362B286EF}.Ad-Hoc|iPhoneSimulator.ActiveCfg = Release|Any CPU
		{FABAE0DA-6AA5-44BD-8907-794362B286EF}.Ad-Hoc|iPhoneSimulator.Build.0 = Release|Any CPU
		{FABAE0DA-6AA5-44BD-8907-794362B286EF}.Ad-Hoc|x64.ActiveCfg = Release|Any CPU
		{FABAE0DA-6AA5-44BD-8907-794362B286EF}.Ad-Hoc|x64.Build.0 = Release|Any CPU
		{FABAE0DA-6AA5-44BD-8907-794362B286EF}.Ad-Hoc|x86.ActiveCfg = Release|Any CPU
		{FABAE0DA-6AA5-44BD-8907-794362B286EF}.Ad-Hoc|x86.Build.0 = Release|Any CPU
		{FABAE0DA-6AA5-44BD-8907-794362B286EF}.AppStore|Any CPU.ActiveCfg = Release|Any CPU
		{FABAE0DA-6AA5-44BD-8907-794362B286EF}.AppStore|Any CPU.Build.0 = Release|Any CPU
		{FABAE0DA-6AA5-44BD-8907-794362B286EF}.AppStore|ARM.ActiveCfg = Release|Any CPU
		{FABAE0DA-6AA5-44BD-8907-794362B286EF}.AppStore|ARM.Build.0 = Release|Any CPU
		{FABAE0DA-6AA5-44BD-8907-794362B286EF}.AppStore|iPhone.ActiveCfg = Release|Any CPU
		{FABAE0DA-6AA5-44BD-8907-794362B286EF}.AppStore|iPhone.Build.0 = Release|Any CPU
		{FABAE0DA-6AA5-44BD-8907-794362B286EF}.AppStore|iPhoneSimulator.ActiveCfg = Release|Any CPU
		{FABAE0DA-6AA5-44BD-8907-794362B286EF}.AppStore|iPhoneSimulator.Build.0 = Release|Any CPU
		{FABAE0DA-6AA5-44BD-8907-794362B286EF}.AppStore|x64.ActiveCfg = Release|Any CPU
		{FABAE0DA-6AA5-44BD-8907-794362B286EF}.AppStore|x64.Build.0 = Release|Any CPU
		{FABAE0DA-6AA5-44BD-8907-794362B286EF}.AppStore|x86.ActiveCfg = Release|Any CPU
		{FABAE0DA-6AA5-44BD-8907-794362B286EF}.AppStore|x86.Build.0 = Release|Any CPU
		{FABAE0DA-6AA5-44BD-8907-794362B286EF}.Debug|Any CPU.ActiveCfg = Debug|Any CPU
		{FABAE0DA-6AA5-44BD-8907-794362B286EF}.Debug|Any CPU.Build.0 = Debug|Any CPU
		{FABAE0DA-6AA5-44BD-8907-794362B286EF}.Debug|ARM.ActiveCfg = Debug|Any CPU
		{FABAE0DA-6AA5-44BD-8907-794362B286EF}.Debug|ARM.Build.0 = Debug|Any CPU
		{FABAE0DA-6AA5-44BD-8907-794362B286EF}.Debug|iPhone.ActiveCfg = Debug|Any CPU
		{FABAE0DA-6AA5-44BD-8907-794362B286EF}.Debug|iPhone.Build.0 = Debug|Any CPU
		{FABAE0DA-6AA5-44BD-8907-794362B286EF}.Debug|iPhoneSimulator.ActiveCfg = Debug|Any CPU
		{FABAE0DA-6AA5-44BD-8907-794362B286EF}.Debug|iPhoneSimulator.Build.0 = Debug|Any CPU
		{FABAE0DA-6AA5-44BD-8907-794362B286EF}.Debug|x64.ActiveCfg = Debug|Any CPU
		{FABAE0DA-6AA5-44BD-8907-794362B286EF}.Debug|x64.Build.0 = Debug|Any CPU
		{FABAE0DA-6AA5-44BD-8907-794362B286EF}.Debug|x86.ActiveCfg = Debug|Any CPU
		{FABAE0DA-6AA5-44BD-8907-794362B286EF}.Debug|x86.Build.0 = Debug|Any CPU
		{FABAE0DA-6AA5-44BD-8907-794362B286EF}.Release|Any CPU.ActiveCfg = Release|Any CPU
		{FABAE0DA-6AA5-44BD-8907-794362B286EF}.Release|Any CPU.Build.0 = Release|Any CPU
		{FABAE0DA-6AA5-44BD-8907-794362B286EF}.Release|ARM.ActiveCfg = Release|Any CPU
		{FABAE0DA-6AA5-44BD-8907-794362B286EF}.Release|ARM.Build.0 = Release|Any CPU
		{FABAE0DA-6AA5-44BD-8907-794362B286EF}.Release|iPhone.ActiveCfg = Release|Any CPU
		{FABAE0DA-6AA5-44BD-8907-794362B286EF}.Release|iPhone.Build.0 = Release|Any CPU
		{FABAE0DA-6AA5-44BD-8907-794362B286EF}.Release|iPhoneSimulator.ActiveCfg = Release|Any CPU
		{FABAE0DA-6AA5-44BD-8907-794362B286EF}.Release|iPhoneSimulator.Build.0 = Release|Any CPU
		{FABAE0DA-6AA5-44BD-8907-794362B286EF}.Release|x64.ActiveCfg = Release|Any CPU
		{FABAE0DA-6AA5-44BD-8907-794362B286EF}.Release|x64.Build.0 = Release|Any CPU
		{FABAE0DA-6AA5-44BD-8907-794362B286EF}.Release|x86.ActiveCfg = Release|Any CPU
		{FABAE0DA-6AA5-44BD-8907-794362B286EF}.Release|x86.Build.0 = Release|Any CPU
		{3814DCA0-3D0F-4796-B741-7E54F4784C74}.Ad-Hoc|Any CPU.ActiveCfg = Release|x86
		{3814DCA0-3D0F-4796-B741-7E54F4784C74}.Ad-Hoc|Any CPU.Build.0 = Release|x86
		{3814DCA0-3D0F-4796-B741-7E54F4784C74}.Ad-Hoc|Any CPU.Deploy.0 = Release|x86
		{3814DCA0-3D0F-4796-B741-7E54F4784C74}.Ad-Hoc|ARM.ActiveCfg = Release|ARM
		{3814DCA0-3D0F-4796-B741-7E54F4784C74}.Ad-Hoc|ARM.Build.0 = Release|ARM
		{3814DCA0-3D0F-4796-B741-7E54F4784C74}.Ad-Hoc|ARM.Deploy.0 = Release|ARM
		{3814DCA0-3D0F-4796-B741-7E54F4784C74}.Ad-Hoc|iPhone.ActiveCfg = Release|x86
		{3814DCA0-3D0F-4796-B741-7E54F4784C74}.Ad-Hoc|iPhone.Build.0 = Release|x86
		{3814DCA0-3D0F-4796-B741-7E54F4784C74}.Ad-Hoc|iPhone.Deploy.0 = Release|x86
		{3814DCA0-3D0F-4796-B741-7E54F4784C74}.Ad-Hoc|iPhoneSimulator.ActiveCfg = Release|x86
		{3814DCA0-3D0F-4796-B741-7E54F4784C74}.Ad-Hoc|iPhoneSimulator.Build.0 = Release|x86
		{3814DCA0-3D0F-4796-B741-7E54F4784C74}.Ad-Hoc|iPhoneSimulator.Deploy.0 = Release|x86
		{3814DCA0-3D0F-4796-B741-7E54F4784C74}.Ad-Hoc|x64.ActiveCfg = Release|x64
		{3814DCA0-3D0F-4796-B741-7E54F4784C74}.Ad-Hoc|x64.Build.0 = Release|x64
		{3814DCA0-3D0F-4796-B741-7E54F4784C74}.Ad-Hoc|x64.Deploy.0 = Release|x64
		{3814DCA0-3D0F-4796-B741-7E54F4784C74}.Ad-Hoc|x86.ActiveCfg = Release|x86
		{3814DCA0-3D0F-4796-B741-7E54F4784C74}.Ad-Hoc|x86.Build.0 = Release|x86
		{3814DCA0-3D0F-4796-B741-7E54F4784C74}.Ad-Hoc|x86.Deploy.0 = Release|x86
		{3814DCA0-3D0F-4796-B741-7E54F4784C74}.AppStore|Any CPU.ActiveCfg = Release|x86
		{3814DCA0-3D0F-4796-B741-7E54F4784C74}.AppStore|Any CPU.Build.0 = Release|x86
		{3814DCA0-3D0F-4796-B741-7E54F4784C74}.AppStore|Any CPU.Deploy.0 = Release|x86
		{3814DCA0-3D0F-4796-B741-7E54F4784C74}.AppStore|ARM.ActiveCfg = Release|ARM
		{3814DCA0-3D0F-4796-B741-7E54F4784C74}.AppStore|ARM.Build.0 = Release|ARM
		{3814DCA0-3D0F-4796-B741-7E54F4784C74}.AppStore|ARM.Deploy.0 = Release|ARM
		{3814DCA0-3D0F-4796-B741-7E54F4784C74}.AppStore|iPhone.ActiveCfg = Release|x86
		{3814DCA0-3D0F-4796-B741-7E54F4784C74}.AppStore|iPhone.Build.0 = Release|x86
		{3814DCA0-3D0F-4796-B741-7E54F4784C74}.AppStore|iPhone.Deploy.0 = Release|x86
		{3814DCA0-3D0F-4796-B741-7E54F4784C74}.AppStore|iPhoneSimulator.ActiveCfg = Release|x86
		{3814DCA0-3D0F-4796-B741-7E54F4784C74}.AppStore|iPhoneSimulator.Build.0 = Release|x86
		{3814DCA0-3D0F-4796-B741-7E54F4784C74}.AppStore|iPhoneSimulator.Deploy.0 = Release|x86
		{3814DCA0-3D0F-4796-B741-7E54F4784C74}.AppStore|x64.ActiveCfg = Release|x64
		{3814DCA0-3D0F-4796-B741-7E54F4784C74}.AppStore|x64.Build.0 = Release|x64
		{3814DCA0-3D0F-4796-B741-7E54F4784C74}.AppStore|x64.Deploy.0 = Release|x64
		{3814DCA0-3D0F-4796-B741-7E54F4784C74}.AppStore|x86.ActiveCfg = Release|x86
		{3814DCA0-3D0F-4796-B741-7E54F4784C74}.AppStore|x86.Build.0 = Release|x86
		{3814DCA0-3D0F-4796-B741-7E54F4784C74}.AppStore|x86.Deploy.0 = Release|x86
		{3814DCA0-3D0F-4796-B741-7E54F4784C74}.Debug|Any CPU.ActiveCfg = Debug|x86
		{3814DCA0-3D0F-4796-B741-7E54F4784C74}.Debug|ARM.ActiveCfg = Debug|ARM
		{3814DCA0-3D0F-4796-B741-7E54F4784C74}.Debug|ARM.Build.0 = Debug|ARM
		{3814DCA0-3D0F-4796-B741-7E54F4784C74}.Debug|ARM.Deploy.0 = Debug|ARM
		{3814DCA0-3D0F-4796-B741-7E54F4784C74}.Debug|iPhone.ActiveCfg = Debug|x86
		{3814DCA0-3D0F-4796-B741-7E54F4784C74}.Debug|iPhoneSimulator.ActiveCfg = Debug|x86
		{3814DCA0-3D0F-4796-B741-7E54F4784C74}.Debug|x64.ActiveCfg = Debug|x64
		{3814DCA0-3D0F-4796-B741-7E54F4784C74}.Debug|x64.Build.0 = Debug|x64
		{3814DCA0-3D0F-4796-B741-7E54F4784C74}.Debug|x64.Deploy.0 = Debug|x64
		{3814DCA0-3D0F-4796-B741-7E54F4784C74}.Debug|x86.ActiveCfg = Debug|x86
		{3814DCA0-3D0F-4796-B741-7E54F4784C74}.Debug|x86.Build.0 = Debug|x86
		{3814DCA0-3D0F-4796-B741-7E54F4784C74}.Debug|x86.Deploy.0 = Debug|x86
		{3814DCA0-3D0F-4796-B741-7E54F4784C74}.Release|Any CPU.ActiveCfg = Release|x86
		{3814DCA0-3D0F-4796-B741-7E54F4784C74}.Release|ARM.ActiveCfg = Release|ARM
		{3814DCA0-3D0F-4796-B741-7E54F4784C74}.Release|ARM.Build.0 = Release|ARM
		{3814DCA0-3D0F-4796-B741-7E54F4784C74}.Release|ARM.Deploy.0 = Release|ARM
		{3814DCA0-3D0F-4796-B741-7E54F4784C74}.Release|iPhone.ActiveCfg = Release|x86
		{3814DCA0-3D0F-4796-B741-7E54F4784C74}.Release|iPhoneSimulator.ActiveCfg = Release|x86
		{3814DCA0-3D0F-4796-B741-7E54F4784C74}.Release|x64.ActiveCfg = Release|x64
		{3814DCA0-3D0F-4796-B741-7E54F4784C74}.Release|x64.Build.0 = Release|x64
		{3814DCA0-3D0F-4796-B741-7E54F4784C74}.Release|x64.Deploy.0 = Release|x64
		{3814DCA0-3D0F-4796-B741-7E54F4784C74}.Release|x86.ActiveCfg = Release|x86
		{3814DCA0-3D0F-4796-B741-7E54F4784C74}.Release|x86.Build.0 = Release|x86
		{3814DCA0-3D0F-4796-B741-7E54F4784C74}.Release|x86.Deploy.0 = Release|x86
		{F116B146-29E9-46A3-BB84-467AC67A1037}.Ad-Hoc|Any CPU.ActiveCfg = Ad-Hoc|iPhone
		{F116B146-29E9-46A3-BB84-467AC67A1037}.Ad-Hoc|ARM.ActiveCfg = Ad-Hoc|iPhone
		{F116B146-29E9-46A3-BB84-467AC67A1037}.Ad-Hoc|iPhone.ActiveCfg = Ad-Hoc|iPhone
		{F116B146-29E9-46A3-BB84-467AC67A1037}.Ad-Hoc|iPhone.Build.0 = Ad-Hoc|iPhone
		{F116B146-29E9-46A3-BB84-467AC67A1037}.Ad-Hoc|iPhoneSimulator.ActiveCfg = Ad-Hoc|iPhoneSimulator
		{F116B146-29E9-46A3-BB84-467AC67A1037}.Ad-Hoc|iPhoneSimulator.Build.0 = Ad-Hoc|iPhoneSimulator
		{F116B146-29E9-46A3-BB84-467AC67A1037}.Ad-Hoc|x64.ActiveCfg = Ad-Hoc|iPhone
		{F116B146-29E9-46A3-BB84-467AC67A1037}.Ad-Hoc|x86.ActiveCfg = Ad-Hoc|iPhone
		{F116B146-29E9-46A3-BB84-467AC67A1037}.AppStore|Any CPU.ActiveCfg = AppStore|iPhone
		{F116B146-29E9-46A3-BB84-467AC67A1037}.AppStore|ARM.ActiveCfg = AppStore|iPhone
		{F116B146-29E9-46A3-BB84-467AC67A1037}.AppStore|iPhone.ActiveCfg = AppStore|iPhone
		{F116B146-29E9-46A3-BB84-467AC67A1037}.AppStore|iPhone.Build.0 = AppStore|iPhone
		{F116B146-29E9-46A3-BB84-467AC67A1037}.AppStore|iPhoneSimulator.ActiveCfg = AppStore|iPhoneSimulator
		{F116B146-29E9-46A3-BB84-467AC67A1037}.AppStore|iPhoneSimulator.Build.0 = AppStore|iPhoneSimulator
		{F116B146-29E9-46A3-BB84-467AC67A1037}.AppStore|x64.ActiveCfg = AppStore|iPhone
		{F116B146-29E9-46A3-BB84-467AC67A1037}.AppStore|x86.ActiveCfg = AppStore|iPhone
		{F116B146-29E9-46A3-BB84-467AC67A1037}.Debug|Any CPU.ActiveCfg = Debug|iPhone
		{F116B146-29E9-46A3-BB84-467AC67A1037}.Debug|ARM.ActiveCfg = Debug|iPhone
		{F116B146-29E9-46A3-BB84-467AC67A1037}.Debug|iPhone.ActiveCfg = Debug|iPhone
		{F116B146-29E9-46A3-BB84-467AC67A1037}.Debug|iPhone.Build.0 = Debug|iPhone
		{F116B146-29E9-46A3-BB84-467AC67A1037}.Debug|iPhoneSimulator.ActiveCfg = Debug|iPhoneSimulator
		{F116B146-29E9-46A3-BB84-467AC67A1037}.Debug|iPhoneSimulator.Build.0 = Debug|iPhoneSimulator
		{F116B146-29E9-46A3-BB84-467AC67A1037}.Debug|x64.ActiveCfg = Debug|iPhone
		{F116B146-29E9-46A3-BB84-467AC67A1037}.Debug|x86.ActiveCfg = Debug|iPhone
		{F116B146-29E9-46A3-BB84-467AC67A1037}.Release|Any CPU.ActiveCfg = Release|iPhone
		{F116B146-29E9-46A3-BB84-467AC67A1037}.Release|ARM.ActiveCfg = Release|iPhone
		{F116B146-29E9-46A3-BB84-467AC67A1037}.Release|iPhone.ActiveCfg = Release|iPhone
		{F116B146-29E9-46A3-BB84-467AC67A1037}.Release|iPhone.Build.0 = Release|iPhone
		{F116B146-29E9-46A3-BB84-467AC67A1037}.Release|iPhoneSimulator.ActiveCfg = Release|iPhoneSimulator
		{F116B146-29E9-46A3-BB84-467AC67A1037}.Release|iPhoneSimulator.Build.0 = Release|iPhoneSimulator
		{F116B146-29E9-46A3-BB84-467AC67A1037}.Release|x64.ActiveCfg = Release|iPhone
		{F116B146-29E9-46A3-BB84-467AC67A1037}.Release|x86.ActiveCfg = Release|iPhone
	EndGlobalSection
	GlobalSection(SolutionProperties) = preSolution
		HideSolutionNode = FALSE
	EndGlobalSection
EndGlobal
